
Microsoft Visual Studio Solution File, Format Version 12.00
# Visual Studio Version 17
VisualStudioVersion = 17.9.34701.34
MinimumVisualStudioVersion = 10.0.40219.1
Project("{FAE04EC0-301F-11D3-BF4B-00C04F79EFBC}") = "myshop", "myshop\myshop.csproj", "{C8E6B6AD-8C29-45F4-AD45-80FB619A1EAC}"
EndProject
Global
	GlobalSection(SolutionConfigurationPlatforms) = preSolution
		Debug|Any CPU = Debug|Any CPU
		Release|Any CPU = Release|Any CPU
	EndGlobalSection
	GlobalSection(ProjectConfigurationPlatforms) = postSolution
		{C8E6B6AD-8C29-45F4-AD45-80FB619A1EAC}.Debug|Any CPU.ActiveCfg = Debug|Any CPU
		{C8E6B6AD-8C29-45F4-AD45-80FB619A1EAC}.Debug|Any CPU.Build.0 = Debug|Any CPU
		{C8E6B6AD-8C29-45F4-AD45-80FB619A1EAC}.Release|Any CPU.ActiveCfg = Release|Any CPU
		{C8E6B6AD-8C29-45F4-AD45-80FB619A1EAC}.Release|Any CPU.Build.0 = Release|Any CPU
	EndGlobalSection
	GlobalSection(SolutionProperties) = preSolution
		HideSolutionNode = FALSE
	EndGlobalSection
	GlobalSection(ExtensibilityGlobals) = postSolution
		SolutionGuid = {6C362560-B125-409E-A6A0-04C76339D073}
	EndGlobalSection
EndGlobal
